
Microsoft Visual Studio Solution File, Format Version 12.00
# Visual Studio 15
VisualStudioVersion = 15.0.26124.0
MinimumVisualStudioVersion = 15.0.26124.0
Project("{FAE04EC0-301F-11D3-BF4B-00C04F79EFBC}") = "Furnace", "Furnace\Furnace.csproj", "{0E74876A-5AC1-46B4-9AE6-032CC5F7688A}"
EndProject
Project("{FAE04EC0-301F-11D3-BF4B-00C04F79EFBC}") = "Heater", "Heater\Heater.csproj", "{21E13B85-D8DC-4409-87AA-98BB1964BFE0}"
EndProject
Project("{FAE04EC0-301F-11D3-BF4B-00C04F79EFBC}") = "Loader", "Loader\Loader.csproj", "{0EAB5B92-6C6B-42AE-899E-DD9560ED3B05}"
EndProject
Global
	GlobalSection(SolutionConfigurationPlatforms) = preSolution
		Debug|Any CPU = Debug|Any CPU
		Debug|x64 = Debug|x64
		Debug|x86 = Debug|x86
		Release|Any CPU = Release|Any CPU
		Release|x64 = Release|x64
		Release|x86 = Release|x86
	EndGlobalSection
	GlobalSection(SolutionProperties) = preSolution
		HideSolutionNode = FALSE
	EndGlobalSection
	GlobalSection(ProjectConfigurationPlatforms) = postSolution
		{FD12C113-E5D5-4092-8BAA-421CE9D4E61C}.Debug|Any CPU.ActiveCfg = Debug|Any CPU
		{FD12C113-E5D5-4092-8BAA-421CE9D4E61C}.Debug|Any CPU.Build.0 = Debug|Any CPU
		{FD12C113-E5D5-4092-8BAA-421CE9D4E61C}.Debug|x64.ActiveCfg = Debug|Any CPU
		{FD12C113-E5D5-4092-8BAA-421CE9D4E61C}.Debug|x64.Build.0 = Debug|Any CPU
		{FD12C113-E5D5-4092-8BAA-421CE9D4E61C}.Debug|x86.ActiveCfg = Debug|Any CPU
		{FD12C113-E5D5-4092-8BAA-421CE9D4E61C}.Debug|x86.Build.0 = Debug|Any CPU
		{FD12C113-E5D5-4092-8BAA-421CE9D4E61C}.Release|Any CPU.ActiveCfg = Release|Any CPU
		{FD12C113-E5D5-4092-8BAA-421CE9D4E61C}.Release|Any CPU.Build.0 = Release|Any CPU
		{FD12C113-E5D5-4092-8BAA-421CE9D4E61C}.Release|x64.ActiveCfg = Release|Any CPU
		{FD12C113-E5D5-4092-8BAA-421CE9D4E61C}.Release|x64.Build.0 = Release|Any CPU
		{FD12C113-E5D5-4092-8BAA-421CE9D4E61C}.Release|x86.ActiveCfg = Release|Any CPU
		{FD12C113-E5D5-4092-8BAA-421CE9D4E61C}.Release|x86.Build.0 = Release|Any CPU
		{EB4DAAF6-0435-4C51-866E-4111852D9CF3}.Debug|Any CPU.ActiveCfg = Debug|Any CPU
		{EB4DAAF6-0435-4C51-866E-4111852D9CF3}.Debug|Any CPU.Build.0 = Debug|Any CPU
		{EB4DAAF6-0435-4C51-866E-4111852D9CF3}.Debug|x64.ActiveCfg = Debug|Any CPU
		{EB4DAAF6-0435-4C51-866E-4111852D9CF3}.Debug|x64.Build.0 = Debug|Any CPU
		{EB4DAAF6-0435-4C51-866E-4111852D9CF3}.Debug|x86.ActiveCfg = Debug|Any CPU
		{EB4DAAF6-0435-4C51-866E-4111852D9CF3}.Debug|x86.Build.0 = Debug|Any CPU
		{EB4DAAF6-0435-4C51-866E-4111852D9CF3}.Release|Any CPU.ActiveCfg = Release|Any CPU
		{EB4DAAF6-0435-4C51-866E-4111852D9CF3}.Release|Any CPU.Build.0 = Release|Any CPU
		{EB4DAAF6-0435-4C51-866E-4111852D9CF3}.Release|x64.ActiveCfg = Release|Any CPU
		{EB4DAAF6-0435-4C51-866E-4111852D9CF3}.Release|x64.Build.0 = Release|Any CPU
		{EB4DAAF6-0435-4C51-866E-4111852D9CF3}.Release|x86.ActiveCfg = Release|Any CPU
		{EB4DAAF6-0435-4C51-866E-4111852D9CF3}.Release|x86.Build.0 = Release|Any CPU
		{D2BB4D44-5CE9-4442-B466-EB5DF272F1B6}.Debug|Any CPU.ActiveCfg = Debug|Any CPU
		{D2BB4D44-5CE9-4442-B466-EB5DF272F1B6}.Debug|Any CPU.Build.0 = Debug|Any CPU
		{D2BB4D44-5CE9-4442-B466-EB5DF272F1B6}.Debug|x64.ActiveCfg = Debug|Any CPU
		{D2BB4D44-5CE9-4442-B466-EB5DF272F1B6}.Debug|x64.Build.0 = Debug|Any CPU
		{D2BB4D44-5CE9-4442-B466-EB5DF272F1B6}.Debug|x86.ActiveCfg = Debug|Any CPU
		{D2BB4D44-5CE9-4442-B466-EB5DF272F1B6}.Debug|x86.Build.0 = Debug|Any CPU
		{D2BB4D44-5CE9-4442-B466-EB5DF272F1B6}.Release|Any CPU.ActiveCfg = Release|Any CPU
		{D2BB4D44-5CE9-4442-B466-EB5DF272F1B6}.Release|Any CPU.Build.0 = Release|Any CPU
		{D2BB4D44-5CE9-4442-B466-EB5DF272F1B6}.Release|x64.ActiveCfg = Release|Any CPU
		{D2BB4D44-5CE9-4442-B466-EB5DF272F1B6}.Release|x64.Build.0 = Release|Any CPU
		{D2BB4D44-5CE9-4442-B466-EB5DF272F1B6}.Release|x86.ActiveCfg = Release|Any CPU
		{D2BB4D44-5CE9-4442-B466-EB5DF272F1B6}.Release|x86.Build.0 = Release|Any CPU
		{EE7B3F5B-0778-4B68-90AC-3AD9FF0BDA8C}.Debug|Any CPU.ActiveCfg = Debug|Any CPU
		{EE7B3F5B-0778-4B68-90AC-3AD9FF0BDA8C}.Debug|Any CPU.Build.0 = Debug|Any CPU
		{EE7B3F5B-0778-4B68-90AC-3AD9FF0BDA8C}.Debug|x64.ActiveCfg = Debug|Any CPU
		{EE7B3F5B-0778-4B68-90AC-3AD9FF0BDA8C}.Debug|x64.Build.0 = Debug|Any CPU
		{EE7B3F5B-0778-4B68-90AC-3AD9FF0BDA8C}.Debug|x86.ActiveCfg = Debug|Any CPU
		{EE7B3F5B-0778-4B68-90AC-3AD9FF0BDA8C}.Debug|x86.Build.0 = Debug|Any CPU
		{EE7B3F5B-0778-4B68-90AC-3AD9FF0BDA8C}.Release|Any CPU.ActiveCfg = Release|Any CPU
		{EE7B3F5B-0778-4B68-90AC-3AD9FF0BDA8C}.Release|Any CPU.Build.0 = Release|Any CPU
		{EE7B3F5B-0778-4B68-90AC-3AD9FF0BDA8C}.Release|x64.ActiveCfg = Release|Any CPU
		{EE7B3F5B-0778-4B68-90AC-3AD9FF0BDA8C}.Release|x64.Build.0 = Release|Any CPU
		{EE7B3F5B-0778-4B68-90AC-3AD9FF0BDA8C}.Release|x86.ActiveCfg = Release|Any CPU
		{EE7B3F5B-0778-4B68-90AC-3AD9FF0BDA8C}.Release|x86.Build.0 = Release|Any CPU
		{B7DCD727-2B16-4C06-A9E6-1A4D9C357CB5}.Debug|Any CPU.ActiveCfg = Debug|Any CPU
		{B7DCD727-2B16-4C06-A9E6-1A4D9C357CB5}.Debug|Any CPU.Build.0 = Debug|Any CPU
		{B7DCD727-2B16-4C06-A9E6-1A4D9C357CB5}.Debug|x64.ActiveCfg = Debug|Any CPU
		{B7DCD727-2B16-4C06-A9E6-1A4D9C357CB5}.Debug|x64.Build.0 = Debug|Any CPU
		{B7DCD727-2B16-4C06-A9E6-1A4D9C357CB5}.Debug|x86.ActiveCfg = Debug|Any CPU
		{B7DCD727-2B16-4C06-A9E6-1A4D9C357CB5}.Debug|x86.Build.0 = Debug|Any CPU
		{B7DCD727-2B16-4C06-A9E6-1A4D9C357CB5}.Release|Any CPU.ActiveCfg = Release|Any CPU
		{B7DCD727-2B16-4C06-A9E6-1A4D9C357CB5}.Release|Any CPU.Build.0 = Release|Any CPU
		{B7DCD727-2B16-4C06-A9E6-1A4D9C357CB5}.Release|x64.ActiveCfg = Release|Any CPU
		{B7DCD727-2B16-4C06-A9E6-1A4D9C357CB5}.Release|x64.Build.0 = Release|Any CPU
		{B7DCD727-2B16-4C06-A9E6-1A4D9C357CB5}.Release|x86.ActiveCfg = Release|Any CPU
		{B7DCD727-2B16-4C06-A9E6-1A4D9C357CB5}.Release|x86.Build.0 = Release|Any CPU
		{2414CE34-0DB9-446D-8E07-88A31B1BB269}.Debug|Any CPU.ActiveCfg = Debug|Any CPU
		{2414CE34-0DB9-446D-8E07-88A31B1BB269}.Debug|Any CPU.Build.0 = Debug|Any CPU
		{2414CE34-0DB9-446D-8E07-88A31B1BB269}.Debug|x64.ActiveCfg = Debug|Any CPU
		{2414CE34-0DB9-446D-8E07-88A31B1BB269}.Debug|x64.Build.0 = Debug|Any CPU
		{2414CE34-0DB9-446D-8E07-88A31B1BB269}.Debug|x86.ActiveCfg = Debug|Any CPU
		{2414CE34-0DB9-446D-8E07-88A31B1BB269}.Debug|x86.Build.0 = Debug|Any CPU
		{2414CE34-0DB9-446D-8E07-88A31B1BB269}.Release|Any CPU.ActiveCfg = Release|Any CPU
		{2414CE34-0DB9-446D-8E07-88A31B1BB269}.Release|Any CPU.Build.0 = Release|Any CPU
		{2414CE34-0DB9-446D-8E07-88A31B1BB269}.Release|x64.ActiveCfg = Release|Any CPU
		{2414CE34-0DB9-446D-8E07-88A31B1BB269}.Release|x64.Build.0 = Release|Any CPU
		{2414CE34-0DB9-446D-8E07-88A31B1BB269}.Release|x86.ActiveCfg = Release|Any CPU
		{2414CE34-0DB9-446D-8E07-88A31B1BB269}.Release|x86.Build.0 = Release|Any CPU
		{29D2EE39-0929-417E-8BCE-81338F36FCCD}.Debug|Any CPU.ActiveCfg = Debug|Any CPU
		{29D2EE39-0929-417E-8BCE-81338F36FCCD}.Debug|Any CPU.Build.0 = Debug|Any CPU
		{29D2EE39-0929-417E-8BCE-81338F36FCCD}.Debug|x64.ActiveCfg = Debug|Any CPU
		{29D2EE39-0929-417E-8BCE-81338F36FCCD}.Debug|x64.Build.0 = Debug|Any CPU
		{29D2EE39-0929-417E-8BCE-81338F36FCCD}.Debug|x86.ActiveCfg = Debug|Any CPU
		{29D2EE39-0929-417E-8BCE-81338F36FCCD}.Debug|x86.Build.0 = Debug|Any CPU
		{29D2EE39-0929-417E-8BCE-81338F36FCCD}.Release|Any CPU.ActiveCfg = Release|Any CPU
		{29D2EE39-0929-417E-8BCE-81338F36FCCD}.Release|Any CPU.Build.0 = Release|Any CPU
		{29D2EE39-0929-417E-8BCE-81338F36FCCD}.Release|x64.ActiveCfg = Release|Any CPU
		{29D2EE39-0929-417E-8BCE-81338F36FCCD}.Release|x64.Build.0 = Release|Any CPU
		{29D2EE39-0929-417E-8BCE-81338F36FCCD}.Release|x86.ActiveCfg = Release|Any CPU
		{29D2EE39-0929-417E-8BCE-81338F36FCCD}.Release|x86.Build.0 = Release|Any CPU
		{E7DD6C6C-A6F2-492E-89FD-3918FE931B1E}.Debug|Any CPU.ActiveCfg = Debug|Any CPU
		{E7DD6C6C-A6F2-492E-89FD-3918FE931B1E}.Debug|Any CPU.Build.0 = Debug|Any CPU
		{E7DD6C6C-A6F2-492E-89FD-3918FE931B1E}.Debug|x64.ActiveCfg = Debug|Any CPU
		{E7DD6C6C-A6F2-492E-89FD-3918FE931B1E}.Debug|x64.Build.0 = Debug|Any CPU
		{E7DD6C6C-A6F2-492E-89FD-3918FE931B1E}.Debug|x86.ActiveCfg = Debug|Any CPU
		{E7DD6C6C-A6F2-492E-89FD-3918FE931B1E}.Debug|x86.Build.0 = Debug|Any CPU
		{E7DD6C6C-A6F2-492E-89FD-3918FE931B1E}.Release|Any CPU.ActiveCfg = Release|Any CPU
		{E7DD6C6C-A6F2-492E-89FD-3918FE931B1E}.Release|Any CPU.Build.0 = Release|Any CPU
		{E7DD6C6C-A6F2-492E-89FD-3918FE931B1E}.Release|x64.ActiveCfg = Release|Any CPU
		{E7DD6C6C-A6F2-492E-89FD-3918FE931B1E}.Release|x64.Build.0 = Release|Any CPU
		{E7DD6C6C-A6F2-492E-89FD-3918FE931B1E}.Release|x86.ActiveCfg = Release|Any CPU
		{E7DD6C6C-A6F2-492E-89FD-3918FE931B1E}.Release|x86.Build.0 = Release|Any CPU
		{395BC642-A91A-4D4A-97B1-17CC616F00FA}.Debug|Any CPU.ActiveCfg = Debug|Any CPU
		{395BC642-A91A-4D4A-97B1-17CC616F00FA}.Debug|Any CPU.Build.0 = Debug|Any CPU
		{395BC642-A91A-4D4A-97B1-17CC616F00FA}.Debug|x64.ActiveCfg = Debug|Any CPU
		{395BC642-A91A-4D4A-97B1-17CC616F00FA}.Debug|x64.Build.0 = Debug|Any CPU
		{395BC642-A91A-4D4A-97B1-17CC616F00FA}.Debug|x86.ActiveCfg = Debug|Any CPU
		{395BC642-A91A-4D4A-97B1-17CC616F00FA}.Debug|x86.Build.0 = Debug|Any CPU
		{395BC642-A91A-4D4A-97B1-17CC616F00FA}.Release|Any CPU.ActiveCfg = Release|Any CPU
		{395BC642-A91A-4D4A-97B1-17CC616F00FA}.Release|Any CPU.Build.0 = Release|Any CPU
		{395BC642-A91A-4D4A-97B1-17CC616F00FA}.Release|x64.ActiveCfg = Release|Any CPU
		{395BC642-A91A-4D4A-97B1-17CC616F00FA}.Release|x64.Build.0 = Release|Any CPU
		{395BC642-A91A-4D4A-97B1-17CC616F00FA}.Release|x86.ActiveCfg = Release|Any CPU
		{395BC642-A91A-4D4A-97B1-17CC616F00FA}.Release|x86.Build.0 = Release|Any CPU
		{DBE2760F-4542-4B3D-B3D4-27C09BEDD455}.Debug|Any CPU.ActiveCfg = Debug|Any CPU
		{DBE2760F-4542-4B3D-B3D4-27C09BEDD455}.Debug|Any CPU.Build.0 = Debug|Any CPU
		{DBE2760F-4542-4B3D-B3D4-27C09BEDD455}.Debug|x64.ActiveCfg = Debug|Any CPU
		{DBE2760F-4542-4B3D-B3D4-27C09BEDD455}.Debug|x64.Build.0 = Debug|Any CPU
		{DBE2760F-4542-4B3D-B3D4-27C09BEDD455}.Debug|x86.ActiveCfg = Debug|Any CPU
		{DBE2760F-4542-4B3D-B3D4-27C09BEDD455}.Debug|x86.Build.0 = Debug|Any CPU
		{DBE2760F-4542-4B3D-B3D4-27C09BEDD455}.Release|Any CPU.ActiveCfg = Release|Any CPU
		{DBE2760F-4542-4B3D-B3D4-27C09BEDD455}.Release|Any CPU.Build.0 = Release|Any CPU
		{DBE2760F-4542-4B3D-B3D4-27C09BEDD455}.Release|x64.ActiveCfg = Release|Any CPU
		{DBE2760F-4542-4B3D-B3D4-27C09BEDD455}.Release|x64.Build.0 = Release|Any CPU
		{DBE2760F-4542-4B3D-B3D4-27C09BEDD455}.Release|x86.ActiveCfg = Release|Any CPU
		{DBE2760F-4542-4B3D-B3D4-27C09BEDD455}.Release|x86.Build.0 = Release|Any CPU
		{0E74876A-5AC1-46B4-9AE6-032CC5F7688A}.Debug|Any CPU.ActiveCfg = Debug|Any CPU
		{0E74876A-5AC1-46B4-9AE6-032CC5F7688A}.Debug|Any CPU.Build.0 = Debug|Any CPU
		{0E74876A-5AC1-46B4-9AE6-032CC5F7688A}.Debug|x64.ActiveCfg = Debug|Any CPU
		{0E74876A-5AC1-46B4-9AE6-032CC5F7688A}.Debug|x64.Build.0 = Debug|Any CPU
		{0E74876A-5AC1-46B4-9AE6-032CC5F7688A}.Debug|x86.ActiveCfg = Debug|Any CPU
		{0E74876A-5AC1-46B4-9AE6-032CC5F7688A}.Debug|x86.Build.0 = Debug|Any CPU
		{0E74876A-5AC1-46B4-9AE6-032CC5F7688A}.Release|Any CPU.ActiveCfg = Release|Any CPU
		{0E74876A-5AC1-46B4-9AE6-032CC5F7688A}.Release|Any CPU.Build.0 = Release|Any CPU
		{0E74876A-5AC1-46B4-9AE6-032CC5F7688A}.Release|x64.ActiveCfg = Release|Any CPU
		{0E74876A-5AC1-46B4-9AE6-032CC5F7688A}.Release|x64.Build.0 = Release|Any CPU
		{0E74876A-5AC1-46B4-9AE6-032CC5F7688A}.Release|x86.ActiveCfg = Release|Any CPU
		{0E74876A-5AC1-46B4-9AE6-032CC5F7688A}.Release|x86.Build.0 = Release|Any CPU
		{21E13B85-D8DC-4409-87AA-98BB1964BFE0}.Debug|Any CPU.ActiveCfg = Debug|Any CPU
		{21E13B85-D8DC-4409-87AA-98BB1964BFE0}.Debug|Any CPU.Build.0 = Debug|Any CPU
		{21E13B85-D8DC-4409-87AA-98BB1964BFE0}.Debug|x64.ActiveCfg = Debug|Any CPU
		{21E13B85-D8DC-4409-87AA-98BB1964BFE0}.Debug|x64.Build.0 = Debug|Any CPU
		{21E13B85-D8DC-4409-87AA-98BB1964BFE0}.Debug|x86.ActiveCfg = Debug|Any CPU
		{21E13B85-D8DC-4409-87AA-98BB1964BFE0}.Debug|x86.Build.0 = Debug|Any CPU
		{21E13B85-D8DC-4409-87AA-98BB1964BFE0}.Release|Any CPU.ActiveCfg = Release|Any CPU
		{21E13B85-D8DC-4409-87AA-98BB1964BFE0}.Release|Any CPU.Build.0 = Release|Any CPU
		{21E13B85-D8DC-4409-87AA-98BB1964BFE0}.Release|x64.ActiveCfg = Release|Any CPU
		{21E13B85-D8DC-4409-87AA-98BB1964BFE0}.Release|x64.Build.0 = Release|Any CPU
		{21E13B85-D8DC-4409-87AA-98BB1964BFE0}.Release|x86.ActiveCfg = Release|Any CPU
		{21E13B85-D8DC-4409-87AA-98BB1964BFE0}.Release|x86.Build.0 = Release|Any CPU
		{0EAB5B92-6C6B-42AE-899E-DD9560ED3B05}.Debug|Any CPU.ActiveCfg = Debug|Any CPU
		{0EAB5B92-6C6B-42AE-899E-DD9560ED3B05}.Debug|Any CPU.Build.0 = Debug|Any CPU
		{0EAB5B92-6C6B-42AE-899E-DD9560ED3B05}.Debug|x64.ActiveCfg = Debug|Any CPU
		{0EAB5B92-6C6B-42AE-899E-DD9560ED3B05}.Debug|x64.Build.0 = Debug|Any CPU
		{0EAB5B92-6C6B-42AE-899E-DD9560ED3B05}.Debug|x86.ActiveCfg = Debug|Any CPU
		{0EAB5B92-6C6B-42AE-899E-DD9560ED3B05}.Debug|x86.Build.0 = Debug|Any CPU
		{0EAB5B92-6C6B-42AE-899E-DD9560ED3B05}.Release|Any CPU.ActiveCfg = Release|Any CPU
		{0EAB5B92-6C6B-42AE-899E-DD9560ED3B05}.Release|Any CPU.Build.0 = Release|Any CPU
		{0EAB5B92-6C6B-42AE-899E-DD9560ED3B05}.Release|x64.ActiveCfg = Release|Any CPU
		{0EAB5B92-6C6B-42AE-899E-DD9560ED3B05}.Release|x64.Build.0 = Release|Any CPU
		{0EAB5B92-6C6B-42AE-899E-DD9560ED3B05}.Release|x86.ActiveCfg = Release|Any CPU
		{0EAB5B92-6C6B-42AE-899E-DD9560ED3B05}.Release|x86.Build.0 = Release|Any CPU
	EndGlobalSection
EndGlobal
