
Microsoft Visual Studio Solution File, Format Version 12.00
# Visual Studio 15
VisualStudioVersion = 15.0.26124.0
MinimumVisualStudioVersion = 15.0.26124.0
Project("{FAE04EC0-301F-11D3-BF4B-00C04F79EFBC}") = "FurnaceContract", "FurnaceContract\FurnaceContract.csproj", "{B3586D74-B6EF-4AFE-99A3-10C87A7408C4}"
EndProject
Project("{FAE04EC0-301F-11D3-BF4B-00C04F79EFBC}") = "Heater", "Heater\Heater.csproj", "{31C7E6B4-6169-4F5B-8931-AAB1011CD4CB}"
EndProject
Project("{FAE04EC0-301F-11D3-BF4B-00C04F79EFBC}") = "Loader", "Loader\Loader.csproj", "{11CC76B2-7372-47DF-891A-A133ECAC0169}"
EndProject
Project("{FAE04EC0-301F-11D3-BF4B-00C04F79EFBC}") = "Furnace", "Furnace-rest\Furnace.csproj", "{0F6097DA-C7B8-4E7C-970A-E780DDDCCB66}"
EndProject
Project("{FAE04EC0-301F-11D3-BF4B-00C04F79EFBC}") = "Adapter", "Adapter-rest\Adapter.csproj", "{3D803FBF-69F1-4E44-B39C-1A8E74B0F184}"
EndProject
Global
	GlobalSection(SolutionConfigurationPlatforms) = preSolution
		Debug|Any CPU = Debug|Any CPU
		Debug|x64 = Debug|x64
		Debug|x86 = Debug|x86
		Release|Any CPU = Release|Any CPU
		Release|x64 = Release|x64
		Release|x86 = Release|x86
	EndGlobalSection
	GlobalSection(SolutionProperties) = preSolution
		HideSolutionNode = FALSE
	EndGlobalSection
	GlobalSection(ProjectConfigurationPlatforms) = postSolution
		{E675FC60-DA60-461C-AFDA-1A69E303552D}.Debug|Any CPU.ActiveCfg = Debug|Any CPU
		{E675FC60-DA60-461C-AFDA-1A69E303552D}.Debug|Any CPU.Build.0 = Debug|Any CPU
		{E675FC60-DA60-461C-AFDA-1A69E303552D}.Debug|x64.ActiveCfg = Debug|Any CPU
		{E675FC60-DA60-461C-AFDA-1A69E303552D}.Debug|x64.Build.0 = Debug|Any CPU
		{E675FC60-DA60-461C-AFDA-1A69E303552D}.Debug|x86.ActiveCfg = Debug|Any CPU
		{E675FC60-DA60-461C-AFDA-1A69E303552D}.Debug|x86.Build.0 = Debug|Any CPU
		{E675FC60-DA60-461C-AFDA-1A69E303552D}.Release|Any CPU.ActiveCfg = Release|Any CPU
		{E675FC60-DA60-461C-AFDA-1A69E303552D}.Release|Any CPU.Build.0 = Release|Any CPU
		{E675FC60-DA60-461C-AFDA-1A69E303552D}.Release|x64.ActiveCfg = Release|Any CPU
		{E675FC60-DA60-461C-AFDA-1A69E303552D}.Release|x64.Build.0 = Release|Any CPU
		{E675FC60-DA60-461C-AFDA-1A69E303552D}.Release|x86.ActiveCfg = Release|Any CPU
		{E675FC60-DA60-461C-AFDA-1A69E303552D}.Release|x86.Build.0 = Release|Any CPU
		{74D5D4A9-E191-47B5-B198-2F41091F9CF2}.Debug|Any CPU.ActiveCfg = Debug|Any CPU
		{74D5D4A9-E191-47B5-B198-2F41091F9CF2}.Debug|Any CPU.Build.0 = Debug|Any CPU
		{74D5D4A9-E191-47B5-B198-2F41091F9CF2}.Debug|x64.ActiveCfg = Debug|Any CPU
		{74D5D4A9-E191-47B5-B198-2F41091F9CF2}.Debug|x64.Build.0 = Debug|Any CPU
		{74D5D4A9-E191-47B5-B198-2F41091F9CF2}.Debug|x86.ActiveCfg = Debug|Any CPU
		{74D5D4A9-E191-47B5-B198-2F41091F9CF2}.Debug|x86.Build.0 = Debug|Any CPU
		{74D5D4A9-E191-47B5-B198-2F41091F9CF2}.Release|Any CPU.ActiveCfg = Release|Any CPU
		{74D5D4A9-E191-47B5-B198-2F41091F9CF2}.Release|Any CPU.Build.0 = Release|Any CPU
		{74D5D4A9-E191-47B5-B198-2F41091F9CF2}.Release|x64.ActiveCfg = Release|Any CPU
		{74D5D4A9-E191-47B5-B198-2F41091F9CF2}.Release|x64.Build.0 = Release|Any CPU
		{74D5D4A9-E191-47B5-B198-2F41091F9CF2}.Release|x86.ActiveCfg = Release|Any CPU
		{74D5D4A9-E191-47B5-B198-2F41091F9CF2}.Release|x86.Build.0 = Release|Any CPU
		{F12B5E3B-BF44-49B2-B99D-A48C25CEE496}.Debug|Any CPU.ActiveCfg = Debug|Any CPU
		{F12B5E3B-BF44-49B2-B99D-A48C25CEE496}.Debug|Any CPU.Build.0 = Debug|Any CPU
		{F12B5E3B-BF44-49B2-B99D-A48C25CEE496}.Debug|x64.ActiveCfg = Debug|Any CPU
		{F12B5E3B-BF44-49B2-B99D-A48C25CEE496}.Debug|x64.Build.0 = Debug|Any CPU
		{F12B5E3B-BF44-49B2-B99D-A48C25CEE496}.Debug|x86.ActiveCfg = Debug|Any CPU
		{F12B5E3B-BF44-49B2-B99D-A48C25CEE496}.Debug|x86.Build.0 = Debug|Any CPU
		{F12B5E3B-BF44-49B2-B99D-A48C25CEE496}.Release|Any CPU.ActiveCfg = Release|Any CPU
		{F12B5E3B-BF44-49B2-B99D-A48C25CEE496}.Release|Any CPU.Build.0 = Release|Any CPU
		{F12B5E3B-BF44-49B2-B99D-A48C25CEE496}.Release|x64.ActiveCfg = Release|Any CPU
		{F12B5E3B-BF44-49B2-B99D-A48C25CEE496}.Release|x64.Build.0 = Release|Any CPU
		{F12B5E3B-BF44-49B2-B99D-A48C25CEE496}.Release|x86.ActiveCfg = Release|Any CPU
		{F12B5E3B-BF44-49B2-B99D-A48C25CEE496}.Release|x86.Build.0 = Release|Any CPU
		{4BB33DC0-4099-410C-960C-BD3C04B7D755}.Debug|Any CPU.ActiveCfg = Debug|Any CPU
		{4BB33DC0-4099-410C-960C-BD3C04B7D755}.Debug|Any CPU.Build.0 = Debug|Any CPU
		{4BB33DC0-4099-410C-960C-BD3C04B7D755}.Debug|x64.ActiveCfg = Debug|Any CPU
		{4BB33DC0-4099-410C-960C-BD3C04B7D755}.Debug|x64.Build.0 = Debug|Any CPU
		{4BB33DC0-4099-410C-960C-BD3C04B7D755}.Debug|x86.ActiveCfg = Debug|Any CPU
		{4BB33DC0-4099-410C-960C-BD3C04B7D755}.Debug|x86.Build.0 = Debug|Any CPU
		{4BB33DC0-4099-410C-960C-BD3C04B7D755}.Release|Any CPU.ActiveCfg = Release|Any CPU
		{4BB33DC0-4099-410C-960C-BD3C04B7D755}.Release|Any CPU.Build.0 = Release|Any CPU
		{4BB33DC0-4099-410C-960C-BD3C04B7D755}.Release|x64.ActiveCfg = Release|Any CPU
		{4BB33DC0-4099-410C-960C-BD3C04B7D755}.Release|x64.Build.0 = Release|Any CPU
		{4BB33DC0-4099-410C-960C-BD3C04B7D755}.Release|x86.ActiveCfg = Release|Any CPU
		{4BB33DC0-4099-410C-960C-BD3C04B7D755}.Release|x86.Build.0 = Release|Any CPU
		{1450DBC9-8858-46D1-B115-B42E7256BA14}.Debug|Any CPU.ActiveCfg = Debug|Any CPU
		{1450DBC9-8858-46D1-B115-B42E7256BA14}.Debug|Any CPU.Build.0 = Debug|Any CPU
		{1450DBC9-8858-46D1-B115-B42E7256BA14}.Debug|x64.ActiveCfg = Debug|Any CPU
		{1450DBC9-8858-46D1-B115-B42E7256BA14}.Debug|x64.Build.0 = Debug|Any CPU
		{1450DBC9-8858-46D1-B115-B42E7256BA14}.Debug|x86.ActiveCfg = Debug|Any CPU
		{1450DBC9-8858-46D1-B115-B42E7256BA14}.Debug|x86.Build.0 = Debug|Any CPU
		{1450DBC9-8858-46D1-B115-B42E7256BA14}.Release|Any CPU.ActiveCfg = Release|Any CPU
		{1450DBC9-8858-46D1-B115-B42E7256BA14}.Release|Any CPU.Build.0 = Release|Any CPU
		{1450DBC9-8858-46D1-B115-B42E7256BA14}.Release|x64.ActiveCfg = Release|Any CPU
		{1450DBC9-8858-46D1-B115-B42E7256BA14}.Release|x64.Build.0 = Release|Any CPU
		{1450DBC9-8858-46D1-B115-B42E7256BA14}.Release|x86.ActiveCfg = Release|Any CPU
		{1450DBC9-8858-46D1-B115-B42E7256BA14}.Release|x86.Build.0 = Release|Any CPU
		{498E199E-332E-4D26-A950-0A850CEB6A83}.Debug|Any CPU.ActiveCfg = Debug|Any CPU
		{498E199E-332E-4D26-A950-0A850CEB6A83}.Debug|Any CPU.Build.0 = Debug|Any CPU
		{498E199E-332E-4D26-A950-0A850CEB6A83}.Debug|x64.ActiveCfg = Debug|Any CPU
		{498E199E-332E-4D26-A950-0A850CEB6A83}.Debug|x64.Build.0 = Debug|Any CPU
		{498E199E-332E-4D26-A950-0A850CEB6A83}.Debug|x86.ActiveCfg = Debug|Any CPU
		{498E199E-332E-4D26-A950-0A850CEB6A83}.Debug|x86.Build.0 = Debug|Any CPU
		{498E199E-332E-4D26-A950-0A850CEB6A83}.Release|Any CPU.ActiveCfg = Release|Any CPU
		{498E199E-332E-4D26-A950-0A850CEB6A83}.Release|Any CPU.Build.0 = Release|Any CPU
		{498E199E-332E-4D26-A950-0A850CEB6A83}.Release|x64.ActiveCfg = Release|Any CPU
		{498E199E-332E-4D26-A950-0A850CEB6A83}.Release|x64.Build.0 = Release|Any CPU
		{498E199E-332E-4D26-A950-0A850CEB6A83}.Release|x86.ActiveCfg = Release|Any CPU
		{498E199E-332E-4D26-A950-0A850CEB6A83}.Release|x86.Build.0 = Release|Any CPU
		{F2B05F5F-3802-4159-854C-93AA2F767AFA}.Debug|Any CPU.ActiveCfg = Debug|Any CPU
		{F2B05F5F-3802-4159-854C-93AA2F767AFA}.Debug|Any CPU.Build.0 = Debug|Any CPU
		{F2B05F5F-3802-4159-854C-93AA2F767AFA}.Debug|x64.ActiveCfg = Debug|Any CPU
		{F2B05F5F-3802-4159-854C-93AA2F767AFA}.Debug|x64.Build.0 = Debug|Any CPU
		{F2B05F5F-3802-4159-854C-93AA2F767AFA}.Debug|x86.ActiveCfg = Debug|Any CPU
		{F2B05F5F-3802-4159-854C-93AA2F767AFA}.Debug|x86.Build.0 = Debug|Any CPU
		{F2B05F5F-3802-4159-854C-93AA2F767AFA}.Release|Any CPU.ActiveCfg = Release|Any CPU
		{F2B05F5F-3802-4159-854C-93AA2F767AFA}.Release|Any CPU.Build.0 = Release|Any CPU
		{F2B05F5F-3802-4159-854C-93AA2F767AFA}.Release|x64.ActiveCfg = Release|Any CPU
		{F2B05F5F-3802-4159-854C-93AA2F767AFA}.Release|x64.Build.0 = Release|Any CPU
		{F2B05F5F-3802-4159-854C-93AA2F767AFA}.Release|x86.ActiveCfg = Release|Any CPU
		{F2B05F5F-3802-4159-854C-93AA2F767AFA}.Release|x86.Build.0 = Release|Any CPU
		{B3586D74-B6EF-4AFE-99A3-10C87A7408C4}.Debug|Any CPU.ActiveCfg = Debug|Any CPU
		{B3586D74-B6EF-4AFE-99A3-10C87A7408C4}.Debug|Any CPU.Build.0 = Debug|Any CPU
		{B3586D74-B6EF-4AFE-99A3-10C87A7408C4}.Debug|x64.ActiveCfg = Debug|Any CPU
		{B3586D74-B6EF-4AFE-99A3-10C87A7408C4}.Debug|x64.Build.0 = Debug|Any CPU
		{B3586D74-B6EF-4AFE-99A3-10C87A7408C4}.Debug|x86.ActiveCfg = Debug|Any CPU
		{B3586D74-B6EF-4AFE-99A3-10C87A7408C4}.Debug|x86.Build.0 = Debug|Any CPU
		{B3586D74-B6EF-4AFE-99A3-10C87A7408C4}.Release|Any CPU.ActiveCfg = Release|Any CPU
		{B3586D74-B6EF-4AFE-99A3-10C87A7408C4}.Release|Any CPU.Build.0 = Release|Any CPU
		{B3586D74-B6EF-4AFE-99A3-10C87A7408C4}.Release|x64.ActiveCfg = Release|Any CPU
		{B3586D74-B6EF-4AFE-99A3-10C87A7408C4}.Release|x64.Build.0 = Release|Any CPU
		{B3586D74-B6EF-4AFE-99A3-10C87A7408C4}.Release|x86.ActiveCfg = Release|Any CPU
		{B3586D74-B6EF-4AFE-99A3-10C87A7408C4}.Release|x86.Build.0 = Release|Any CPU
		{31C7E6B4-6169-4F5B-8931-AAB1011CD4CB}.Debug|Any CPU.ActiveCfg = Debug|Any CPU
		{31C7E6B4-6169-4F5B-8931-AAB1011CD4CB}.Debug|Any CPU.Build.0 = Debug|Any CPU
		{31C7E6B4-6169-4F5B-8931-AAB1011CD4CB}.Debug|x64.ActiveCfg = Debug|Any CPU
		{31C7E6B4-6169-4F5B-8931-AAB1011CD4CB}.Debug|x64.Build.0 = Debug|Any CPU
		{31C7E6B4-6169-4F5B-8931-AAB1011CD4CB}.Debug|x86.ActiveCfg = Debug|Any CPU
		{31C7E6B4-6169-4F5B-8931-AAB1011CD4CB}.Debug|x86.Build.0 = Debug|Any CPU
		{31C7E6B4-6169-4F5B-8931-AAB1011CD4CB}.Release|Any CPU.ActiveCfg = Release|Any CPU
		{31C7E6B4-6169-4F5B-8931-AAB1011CD4CB}.Release|Any CPU.Build.0 = Release|Any CPU
		{31C7E6B4-6169-4F5B-8931-AAB1011CD4CB}.Release|x64.ActiveCfg = Release|Any CPU
		{31C7E6B4-6169-4F5B-8931-AAB1011CD4CB}.Release|x64.Build.0 = Release|Any CPU
		{31C7E6B4-6169-4F5B-8931-AAB1011CD4CB}.Release|x86.ActiveCfg = Release|Any CPU
		{31C7E6B4-6169-4F5B-8931-AAB1011CD4CB}.Release|x86.Build.0 = Release|Any CPU
		{11CC76B2-7372-47DF-891A-A133ECAC0169}.Debug|Any CPU.ActiveCfg = Debug|Any CPU
		{11CC76B2-7372-47DF-891A-A133ECAC0169}.Debug|Any CPU.Build.0 = Debug|Any CPU
		{11CC76B2-7372-47DF-891A-A133ECAC0169}.Debug|x64.ActiveCfg = Debug|Any CPU
		{11CC76B2-7372-47DF-891A-A133ECAC0169}.Debug|x64.Build.0 = Debug|Any CPU
		{11CC76B2-7372-47DF-891A-A133ECAC0169}.Debug|x86.ActiveCfg = Debug|Any CPU
		{11CC76B2-7372-47DF-891A-A133ECAC0169}.Debug|x86.Build.0 = Debug|Any CPU
		{11CC76B2-7372-47DF-891A-A133ECAC0169}.Release|Any CPU.ActiveCfg = Release|Any CPU
		{11CC76B2-7372-47DF-891A-A133ECAC0169}.Release|Any CPU.Build.0 = Release|Any CPU
		{11CC76B2-7372-47DF-891A-A133ECAC0169}.Release|x64.ActiveCfg = Release|Any CPU
		{11CC76B2-7372-47DF-891A-A133ECAC0169}.Release|x64.Build.0 = Release|Any CPU
		{11CC76B2-7372-47DF-891A-A133ECAC0169}.Release|x86.ActiveCfg = Release|Any CPU
		{11CC76B2-7372-47DF-891A-A133ECAC0169}.Release|x86.Build.0 = Release|Any CPU
		{4AD1C5CE-7B1B-42B9-93A7-3D032EDBE1C1}.Debug|Any CPU.ActiveCfg = Debug|Any CPU
		{4AD1C5CE-7B1B-42B9-93A7-3D032EDBE1C1}.Debug|Any CPU.Build.0 = Debug|Any CPU
		{4AD1C5CE-7B1B-42B9-93A7-3D032EDBE1C1}.Debug|x64.ActiveCfg = Debug|Any CPU
		{4AD1C5CE-7B1B-42B9-93A7-3D032EDBE1C1}.Debug|x64.Build.0 = Debug|Any CPU
		{4AD1C5CE-7B1B-42B9-93A7-3D032EDBE1C1}.Debug|x86.ActiveCfg = Debug|Any CPU
		{4AD1C5CE-7B1B-42B9-93A7-3D032EDBE1C1}.Debug|x86.Build.0 = Debug|Any CPU
		{4AD1C5CE-7B1B-42B9-93A7-3D032EDBE1C1}.Release|Any CPU.ActiveCfg = Release|Any CPU
		{4AD1C5CE-7B1B-42B9-93A7-3D032EDBE1C1}.Release|Any CPU.Build.0 = Release|Any CPU
		{4AD1C5CE-7B1B-42B9-93A7-3D032EDBE1C1}.Release|x64.ActiveCfg = Release|Any CPU
		{4AD1C5CE-7B1B-42B9-93A7-3D032EDBE1C1}.Release|x64.Build.0 = Release|Any CPU
		{4AD1C5CE-7B1B-42B9-93A7-3D032EDBE1C1}.Release|x86.ActiveCfg = Release|Any CPU
		{4AD1C5CE-7B1B-42B9-93A7-3D032EDBE1C1}.Release|x86.Build.0 = Release|Any CPU
		{173D515C-AA5E-4BDA-AE29-6607DC1728AD}.Debug|Any CPU.ActiveCfg = Debug|Any CPU
		{173D515C-AA5E-4BDA-AE29-6607DC1728AD}.Debug|Any CPU.Build.0 = Debug|Any CPU
		{173D515C-AA5E-4BDA-AE29-6607DC1728AD}.Debug|x64.ActiveCfg = Debug|Any CPU
		{173D515C-AA5E-4BDA-AE29-6607DC1728AD}.Debug|x64.Build.0 = Debug|Any CPU
		{173D515C-AA5E-4BDA-AE29-6607DC1728AD}.Debug|x86.ActiveCfg = Debug|Any CPU
		{173D515C-AA5E-4BDA-AE29-6607DC1728AD}.Debug|x86.Build.0 = Debug|Any CPU
		{173D515C-AA5E-4BDA-AE29-6607DC1728AD}.Release|Any CPU.ActiveCfg = Release|Any CPU
		{173D515C-AA5E-4BDA-AE29-6607DC1728AD}.Release|Any CPU.Build.0 = Release|Any CPU
		{173D515C-AA5E-4BDA-AE29-6607DC1728AD}.Release|x64.ActiveCfg = Release|Any CPU
		{173D515C-AA5E-4BDA-AE29-6607DC1728AD}.Release|x64.Build.0 = Release|Any CPU
		{173D515C-AA5E-4BDA-AE29-6607DC1728AD}.Release|x86.ActiveCfg = Release|Any CPU
		{173D515C-AA5E-4BDA-AE29-6607DC1728AD}.Release|x86.Build.0 = Release|Any CPU
		{0F6097DA-C7B8-4E7C-970A-E780DDDCCB66}.Debug|Any CPU.ActiveCfg = Debug|Any CPU
		{0F6097DA-C7B8-4E7C-970A-E780DDDCCB66}.Debug|Any CPU.Build.0 = Debug|Any CPU
		{0F6097DA-C7B8-4E7C-970A-E780DDDCCB66}.Debug|x64.ActiveCfg = Debug|Any CPU
		{0F6097DA-C7B8-4E7C-970A-E780DDDCCB66}.Debug|x64.Build.0 = Debug|Any CPU
		{0F6097DA-C7B8-4E7C-970A-E780DDDCCB66}.Debug|x86.ActiveCfg = Debug|Any CPU
		{0F6097DA-C7B8-4E7C-970A-E780DDDCCB66}.Debug|x86.Build.0 = Debug|Any CPU
		{0F6097DA-C7B8-4E7C-970A-E780DDDCCB66}.Release|Any CPU.ActiveCfg = Release|Any CPU
		{0F6097DA-C7B8-4E7C-970A-E780DDDCCB66}.Release|Any CPU.Build.0 = Release|Any CPU
		{0F6097DA-C7B8-4E7C-970A-E780DDDCCB66}.Release|x64.ActiveCfg = Release|Any CPU
		{0F6097DA-C7B8-4E7C-970A-E780DDDCCB66}.Release|x64.Build.0 = Release|Any CPU
		{0F6097DA-C7B8-4E7C-970A-E780DDDCCB66}.Release|x86.ActiveCfg = Release|Any CPU
		{0F6097DA-C7B8-4E7C-970A-E780DDDCCB66}.Release|x86.Build.0 = Release|Any CPU
		{3D803FBF-69F1-4E44-B39C-1A8E74B0F184}.Debug|Any CPU.ActiveCfg = Debug|Any CPU
		{3D803FBF-69F1-4E44-B39C-1A8E74B0F184}.Debug|Any CPU.Build.0 = Debug|Any CPU
		{3D803FBF-69F1-4E44-B39C-1A8E74B0F184}.Debug|x64.ActiveCfg = Debug|Any CPU
		{3D803FBF-69F1-4E44-B39C-1A8E74B0F184}.Debug|x64.Build.0 = Debug|Any CPU
		{3D803FBF-69F1-4E44-B39C-1A8E74B0F184}.Debug|x86.ActiveCfg = Debug|Any CPU
		{3D803FBF-69F1-4E44-B39C-1A8E74B0F184}.Debug|x86.Build.0 = Debug|Any CPU
		{3D803FBF-69F1-4E44-B39C-1A8E74B0F184}.Release|Any CPU.ActiveCfg = Release|Any CPU
		{3D803FBF-69F1-4E44-B39C-1A8E74B0F184}.Release|Any CPU.Build.0 = Release|Any CPU
		{3D803FBF-69F1-4E44-B39C-1A8E74B0F184}.Release|x64.ActiveCfg = Release|Any CPU
		{3D803FBF-69F1-4E44-B39C-1A8E74B0F184}.Release|x64.Build.0 = Release|Any CPU
		{3D803FBF-69F1-4E44-B39C-1A8E74B0F184}.Release|x86.ActiveCfg = Release|Any CPU
		{3D803FBF-69F1-4E44-B39C-1A8E74B0F184}.Release|x86.Build.0 = Release|Any CPU
		{54BF6CD2-2B0B-4ADD-ADB7-BCC070869B2A}.Debug|Any CPU.ActiveCfg = Debug|Any CPU
		{54BF6CD2-2B0B-4ADD-ADB7-BCC070869B2A}.Debug|Any CPU.Build.0 = Debug|Any CPU
		{54BF6CD2-2B0B-4ADD-ADB7-BCC070869B2A}.Debug|x64.ActiveCfg = Debug|Any CPU
		{54BF6CD2-2B0B-4ADD-ADB7-BCC070869B2A}.Debug|x64.Build.0 = Debug|Any CPU
		{54BF6CD2-2B0B-4ADD-ADB7-BCC070869B2A}.Debug|x86.ActiveCfg = Debug|Any CPU
		{54BF6CD2-2B0B-4ADD-ADB7-BCC070869B2A}.Debug|x86.Build.0 = Debug|Any CPU
		{54BF6CD2-2B0B-4ADD-ADB7-BCC070869B2A}.Release|Any CPU.ActiveCfg = Release|Any CPU
		{54BF6CD2-2B0B-4ADD-ADB7-BCC070869B2A}.Release|Any CPU.Build.0 = Release|Any CPU
		{54BF6CD2-2B0B-4ADD-ADB7-BCC070869B2A}.Release|x64.ActiveCfg = Release|Any CPU
		{54BF6CD2-2B0B-4ADD-ADB7-BCC070869B2A}.Release|x64.Build.0 = Release|Any CPU
		{54BF6CD2-2B0B-4ADD-ADB7-BCC070869B2A}.Release|x86.ActiveCfg = Release|Any CPU
		{54BF6CD2-2B0B-4ADD-ADB7-BCC070869B2A}.Release|x86.Build.0 = Release|Any CPU
		{D1900DB9-6233-4577-9E75-97873EF1E8FA}.Debug|Any CPU.ActiveCfg = Debug|Any CPU
		{D1900DB9-6233-4577-9E75-97873EF1E8FA}.Debug|Any CPU.Build.0 = Debug|Any CPU
		{D1900DB9-6233-4577-9E75-97873EF1E8FA}.Debug|x64.ActiveCfg = Debug|Any CPU
		{D1900DB9-6233-4577-9E75-97873EF1E8FA}.Debug|x64.Build.0 = Debug|Any CPU
		{D1900DB9-6233-4577-9E75-97873EF1E8FA}.Debug|x86.ActiveCfg = Debug|Any CPU
		{D1900DB9-6233-4577-9E75-97873EF1E8FA}.Debug|x86.Build.0 = Debug|Any CPU
		{D1900DB9-6233-4577-9E75-97873EF1E8FA}.Release|Any CPU.ActiveCfg = Release|Any CPU
		{D1900DB9-6233-4577-9E75-97873EF1E8FA}.Release|Any CPU.Build.0 = Release|Any CPU
		{D1900DB9-6233-4577-9E75-97873EF1E8FA}.Release|x64.ActiveCfg = Release|Any CPU
		{D1900DB9-6233-4577-9E75-97873EF1E8FA}.Release|x64.Build.0 = Release|Any CPU
		{D1900DB9-6233-4577-9E75-97873EF1E8FA}.Release|x86.ActiveCfg = Release|Any CPU
		{D1900DB9-6233-4577-9E75-97873EF1E8FA}.Release|x86.Build.0 = Release|Any CPU
	EndGlobalSection
EndGlobal
